// !$*UTF8*$!
{
	archiveVersion = 1;
	classes = {
	};
	objectVersion = 55;
	objects = {

/* Begin PBXBuildFile section */
		3740A4052AFAED520080B5A6 /* AppDelegate.swift in Sources */ = {isa = PBXBuildFile; fileRef = 3740A4042AFAED520080B5A6 /* AppDelegate.swift */; };
		3740A4072AFAED520080B5A6 /* SceneDelegate.swift in Sources */ = {isa = PBXBuildFile; fileRef = 3740A4062AFAED520080B5A6 /* SceneDelegate.swift */; };
		3740A4092AFAED520080B5A6 /* iniciarSesionViewController.swift in Sources */ = {isa = PBXBuildFile; fileRef = 3740A4082AFAED520080B5A6 /* iniciarSesionViewController.swift */; };
		3740A40C2AFAED520080B5A6 /* Main.storyboard in Resources */ = {isa = PBXBuildFile; fileRef = 3740A40A2AFAED520080B5A6 /* Main.storyboard */; };
		3740A40E2AFAED530080B5A6 /* Assets.xcassets in Resources */ = {isa = PBXBuildFile; fileRef = 3740A40D2AFAED530080B5A6 /* Assets.xcassets */; };
		3740A4112AFAED530080B5A6 /* LaunchScreen.storyboard in Resources */ = {isa = PBXBuildFile; fileRef = 3740A40F2AFAED530080B5A6 /* LaunchScreen.storyboard */; };
		3740A41C2AFAF4BB0080B5A6 /* FirebaseAnalytics in Frameworks */ = {isa = PBXBuildFile; productRef = 3740A41B2AFAF4BB0080B5A6 /* FirebaseAnalytics */; };
		3740A41E2AFAF4BB0080B5A6 /* FirebaseAnalyticsWithoutAdIdSupport in Frameworks */ = {isa = PBXBuildFile; productRef = 3740A41D2AFAF4BB0080B5A6 /* FirebaseAnalyticsWithoutAdIdSupport */; };
		3740A4202AFAF4BB0080B5A6 /* FirebaseAuth in Frameworks */ = {isa = PBXBuildFile; productRef = 3740A41F2AFAF4BB0080B5A6 /* FirebaseAuth */; };
		3740A4222AFAF9C30080B5A6 /* Captura de Pantalla 2023-11-07 a la(s) 18.03.19.png in Resources */ = {isa = PBXBuildFile; fileRef = 3740A4212AFAF9C30080B5A6 /* Captura de Pantalla 2023-11-07 a la(s) 18.03.19.png */; };
		3740A4252AFB00A70080B5A6 /* GoogleSignIn in Frameworks */ = {isa = PBXBuildFile; productRef = 3740A4242AFB00A70080B5A6 /* GoogleSignIn */; };
		3740A4272AFB00A70080B5A6 /* GoogleSignInSwift in Frameworks */ = {isa = PBXBuildFile; productRef = 3740A4262AFB00A70080B5A6 /* GoogleSignInSwift */; };
		3740A4292AFB01430080B5A6 /* GoogleService-Info.plist in Resources */ = {isa = PBXBuildFile; fileRef = 3740A4282AFB01430080B5A6 /* GoogleService-Info.plist */; };
		37A4CD7D2B043085000747FB /* SnapsViewController.swift in Sources */ = {isa = PBXBuildFile; fileRef = 37A4CD7C2B043085000747FB /* SnapsViewController.swift */; };
		37A4CD7F2B043848000747FB /* ImagenViewController.swift in Sources */ = {isa = PBXBuildFile; fileRef = 37A4CD7E2B043848000747FB /* ImagenViewController.swift */; };
		37A4CD822B044041000747FB /* FirebaseDatabase in Frameworks */ = {isa = PBXBuildFile; productRef = 37A4CD812B044041000747FB /* FirebaseDatabase */; };
		37A4CD842B044049000747FB /* FirebaseStorage in Frameworks */ = {isa = PBXBuildFile; productRef = 37A4CD832B044049000747FB /* FirebaseStorage */; };
		37A4CD862B044B86000747FB /* ElegirUsuarioViewController.swift in Sources */ = {isa = PBXBuildFile; fileRef = 37A4CD852B044B86000747FB /* ElegirUsuarioViewController.swift */; };
		37D1E6872B0D5EA500F22127 /* Usuario.swift in Sources */ = {isa = PBXBuildFile; fileRef = 37D1E6862B0D5EA500F22127 /* Usuario.swift */; };
/* End PBXBuildFile section */

/* Begin PBXFileReference section */
		3740A4012AFAED520080B5A6 /* RodriguezSnapchat.app */ = {isa = PBXFileReference; explicitFileType = wrapper.application; includeInIndex = 0; path = RodriguezSnapchat.app; sourceTree = BUILT_PRODUCTS_DIR; };
		3740A4042AFAED520080B5A6 /* AppDelegate.swift */ = {isa = PBXFileReference; lastKnownFileType = sourcecode.swift; path = AppDelegate.swift; sourceTree = "<group>"; };
		3740A4062AFAED520080B5A6 /* SceneDelegate.swift */ = {isa = PBXFileReference; lastKnownFileType = sourcecode.swift; path = SceneDelegate.swift; sourceTree = "<group>"; };
		3740A4082AFAED520080B5A6 /* iniciarSesionViewController.swift */ = {isa = PBXFileReference; lastKnownFileType = sourcecode.swift; path = iniciarSesionViewController.swift; sourceTree = "<group>"; };
		3740A40B2AFAED520080B5A6 /* Base */ = {isa = PBXFileReference; lastKnownFileType = file.storyboard; name = Base; path = Base.lproj/Main.storyboard; sourceTree = "<group>"; };
		3740A40D2AFAED530080B5A6 /* Assets.xcassets */ = {isa = PBXFileReference; lastKnownFileType = folder.assetcatalog; path = Assets.xcassets; sourceTree = "<group>"; };
		3740A4102AFAED530080B5A6 /* Base */ = {isa = PBXFileReference; lastKnownFileType = file.storyboard; name = Base; path = Base.lproj/LaunchScreen.storyboard; sourceTree = "<group>"; };
		3740A4122AFAED530080B5A6 /* Info.plist */ = {isa = PBXFileReference; lastKnownFileType = text.plist.xml; path = Info.plist; sourceTree = "<group>"; };
		3740A4212AFAF9C30080B5A6 /* Captura de Pantalla 2023-11-07 a la(s) 18.03.19.png */ = {isa = PBXFileReference; lastKnownFileType = image.png; path = "Captura de Pantalla 2023-11-07 a la(s) 18.03.19.png"; sourceTree = "<group>"; };
		3740A4282AFB01430080B5A6 /* GoogleService-Info.plist */ = {isa = PBXFileReference; fileEncoding = 4; lastKnownFileType = text.plist.xml; path = "GoogleService-Info.plist"; sourceTree = "<group>"; };
		37A4CD7C2B043085000747FB /* SnapsViewController.swift */ = {isa = PBXFileReference; lastKnownFileType = sourcecode.swift; path = SnapsViewController.swift; sourceTree = "<group>"; };
		37A4CD7E2B043848000747FB /* ImagenViewController.swift */ = {isa = PBXFileReference; lastKnownFileType = sourcecode.swift; path = ImagenViewController.swift; sourceTree = "<group>"; };
		37A4CD852B044B86000747FB /* ElegirUsuarioViewController.swift */ = {isa = PBXFileReference; lastKnownFileType = sourcecode.swift; path = ElegirUsuarioViewController.swift; sourceTree = "<group>"; };
		37D1E6862B0D5EA500F22127 /* Usuario.swift */ = {isa = PBXFileReference; lastKnownFileType = sourcecode.swift; path = Usuario.swift; sourceTree = "<group>"; };
/* End PBXFileReference section */

/* Begin PBXFrameworksBuildPhase section */
		3740A3FE2AFAED520080B5A6 /* Frameworks */ = {
			isa = PBXFrameworksBuildPhase;
			buildActionMask = 2147483647;
			files = (
				37A4CD822B044041000747FB /* FirebaseDatabase in Frameworks */,
				3740A4272AFB00A70080B5A6 /* GoogleSignInSwift in Frameworks */,
				3740A41C2AFAF4BB0080B5A6 /* FirebaseAnalytics in Frameworks */,
				3740A4252AFB00A70080B5A6 /* GoogleSignIn in Frameworks */,
				37A4CD842B044049000747FB /* FirebaseStorage in Frameworks */,
				3740A4202AFAF4BB0080B5A6 /* FirebaseAuth in Frameworks */,
				3740A41E2AFAF4BB0080B5A6 /* FirebaseAnalyticsWithoutAdIdSupport in Frameworks */,
			);
			runOnlyForDeploymentPostprocessing = 0;
		};
/* End PBXFrameworksBuildPhase section */

/* Begin PBXGroup section */
		3740A3F82AFAED520080B5A6 = {
			isa = PBXGroup;
			children = (
				3740A4032AFAED520080B5A6 /* RodriguezSnapchat */,
				3740A4022AFAED520080B5A6 /* Products */,
				37A4CD802B044041000747FB /* Frameworks */,
			);
			sourceTree = "<group>";
		};
		3740A4022AFAED520080B5A6 /* Products */ = {
			isa = PBXGroup;
			children = (
				3740A4012AFAED520080B5A6 /* RodriguezSnapchat.app */,
			);
			name = Products;
			sourceTree = "<group>";
		};
		3740A4032AFAED520080B5A6 /* RodriguezSnapchat */ = {
			isa = PBXGroup;
			children = (
				37D1E6832B0D5E4200F22127 /* Modelos */,
				37D1E6822B0D5DCC00F22127 /* ViewControllers */,
				3740A4042AFAED520080B5A6 /* AppDelegate.swift */,
				3740A4062AFAED520080B5A6 /* SceneDelegate.swift */,
				3740A40A2AFAED520080B5A6 /* Main.storyboard */,
				3740A40D2AFAED530080B5A6 /* Assets.xcassets */,
				3740A4212AFAF9C30080B5A6 /* Captura de Pantalla 2023-11-07 a la(s) 18.03.19.png */,
				3740A40F2AFAED530080B5A6 /* LaunchScreen.storyboard */,
				3740A4122AFAED530080B5A6 /* Info.plist */,
				3740A4282AFB01430080B5A6 /* GoogleService-Info.plist */,
			);
			path = RodriguezSnapchat;
			sourceTree = "<group>";
		};
		37A4CD802B044041000747FB /* Frameworks */ = {
			isa = PBXGroup;
			children = (
			);
			name = Frameworks;
			sourceTree = "<group>";
		};
		37D1E6822B0D5DCC00F22127 /* ViewControllers */ = {
			isa = PBXGroup;
			children = (
				37A4CD852B044B86000747FB /* ElegirUsuarioViewController.swift */,
				3740A4082AFAED520080B5A6 /* iniciarSesionViewController.swift */,
				37A4CD7C2B043085000747FB /* SnapsViewController.swift */,
				37A4CD7E2B043848000747FB /* ImagenViewController.swift */,
			);
			path = ViewControllers;
			sourceTree = "<group>";
		};
		37D1E6832B0D5E4200F22127 /* Modelos */ = {
			isa = PBXGroup;
			children = (
				37D1E6862B0D5EA500F22127 /* Usuario.swift */,
			);
			path = Modelos;
			sourceTree = "<group>";
		};
/* End PBXGroup section */

/* Begin PBXNativeTarget section */
		3740A4002AFAED520080B5A6 /* RodriguezSnapchat */ = {
			isa = PBXNativeTarget;
			buildConfigurationList = 3740A4152AFAED530080B5A6 /* Build configuration list for PBXNativeTarget "RodriguezSnapchat" */;
			buildPhases = (
				3740A3FD2AFAED520080B5A6 /* Sources */,
				3740A3FE2AFAED520080B5A6 /* Frameworks */,
				3740A3FF2AFAED520080B5A6 /* Resources */,
			);
			buildRules = (
			);
			dependencies = (
			);
			name = RodriguezSnapchat;
			packageProductDependencies = (
				3740A41B2AFAF4BB0080B5A6 /* FirebaseAnalytics */,
				3740A41D2AFAF4BB0080B5A6 /* FirebaseAnalyticsWithoutAdIdSupport */,
				3740A41F2AFAF4BB0080B5A6 /* FirebaseAuth */,
				3740A4242AFB00A70080B5A6 /* GoogleSignIn */,
				3740A4262AFB00A70080B5A6 /* GoogleSignInSwift */,
				37A4CD812B044041000747FB /* FirebaseDatabase */,
				37A4CD832B044049000747FB /* FirebaseStorage */,
			);
			productName = RodriguezSnapchat;
			productReference = 3740A4012AFAED520080B5A6 /* RodriguezSnapchat.app */;
			productType = "com.apple.product-type.application";
		};
/* End PBXNativeTarget section */

/* Begin PBXProject section */
		3740A3F92AFAED520080B5A6 /* Project object */ = {
			isa = PBXProject;
			attributes = {
				BuildIndependentTargetsInParallel = 1;
				LastSwiftUpdateCheck = 1340;
				LastUpgradeCheck = 1340;
				TargetAttributes = {
					3740A4002AFAED520080B5A6 = {
						CreatedOnToolsVersion = 13.4.1;
					};
				};
			};
			buildConfigurationList = 3740A3FC2AFAED520080B5A6 /* Build configuration list for PBXProject "RodriguezSnapchat" */;
			compatibilityVersion = "Xcode 13.0";
			developmentRegion = en;
			hasScannedForEncodings = 0;
			knownRegions = (
				en,
				Base,
			);
			mainGroup = 3740A3F82AFAED520080B5A6;
			packageReferences = (
				3740A41A2AFAF4BB0080B5A6 /* XCRemoteSwiftPackageReference "firebase-ios-sdk" */,
				3740A4232AFB00A70080B5A6 /* XCRemoteSwiftPackageReference "GoogleSignIn-iOS" */,
			);
			productRefGroup = 3740A4022AFAED520080B5A6 /* Products */;
			projectDirPath = "";
			projectRoot = "";
			targets = (
				3740A4002AFAED520080B5A6 /* RodriguezSnapchat */,
			);
		};
/* End PBXProject section */

/* Begin PBXResourcesBuildPhase section */
		3740A3FF2AFAED520080B5A6 /* Resources */ = {
			isa = PBXResourcesBuildPhase;
			buildActionMask = 2147483647;
			files = (
				3740A4112AFAED530080B5A6 /* LaunchScreen.storyboard in Resources */,
				3740A4222AFAF9C30080B5A6 /* Captura de Pantalla 2023-11-07 a la(s) 18.03.19.png in Resources */,
				3740A4292AFB01430080B5A6 /* GoogleService-Info.plist in Resources */,
				3740A40E2AFAED530080B5A6 /* Assets.xcassets in Resources */,
				3740A40C2AFAED520080B5A6 /* Main.storyboard in Resources */,
			);
			runOnlyForDeploymentPostprocessing = 0;
		};
/* End PBXResourcesBuildPhase section */

/* Begin PBXSourcesBuildPhase section */
		3740A3FD2AFAED520080B5A6 /* Sources */ = {
			isa = PBXSourcesBuildPhase;
			buildActionMask = 2147483647;
			files = (
				37A4CD7D2B043085000747FB /* SnapsViewController.swift in Sources */,
				37A4CD7F2B043848000747FB /* ImagenViewController.swift in Sources */,
				37D1E6872B0D5EA500F22127 /* Usuario.swift in Sources */,
				3740A4092AFAED520080B5A6 /* iniciarSesionViewController.swift in Sources */,
				3740A4052AFAED520080B5A6 /* AppDelegate.swift in Sources */,
				3740A4072AFAED520080B5A6 /* SceneDelegate.swift in Sources */,
				37A4CD862B044B86000747FB /* ElegirUsuarioViewController.swift in Sources */,
			);
			runOnlyForDeploymentPostprocessing = 0;
		};
/* End PBXSourcesBuildPhase section */

/* Begin PBXVariantGroup section */
		3740A40A2AFAED520080B5A6 /* Main.storyboard */ = {
			isa = PBXVariantGroup;
			children = (
				3740A40B2AFAED520080B5A6 /* Base */,
			);
			name = Main.storyboard;
			sourceTree = "<group>";
		};
		3740A40F2AFAED530080B5A6 /* LaunchScreen.storyboard */ = {
			isa = PBXVariantGroup;
			children = (
				3740A4102AFAED530080B5A6 /* Base */,
			);
			name = LaunchScreen.storyboard;
			sourceTree = "<group>";
		};
/* End PBXVariantGroup section */

/* Begin XCBuildConfiguration section */
		3740A4132AFAED530080B5A6 /* Debug */ = {
			isa = XCBuildConfiguration;
			buildSettings = {
				ALWAYS_SEARCH_USER_PATHS = NO;
				CLANG_ANALYZER_NONNULL = YES;
				CLANG_ANALYZER_NUMBER_OBJECT_CONVERSION = YES_AGGRESSIVE;
				CLANG_CXX_LANGUAGE_STANDARD = "gnu++17";
				CLANG_ENABLE_MODULES = YES;
				CLANG_ENABLE_OBJC_ARC = YES;
				CLANG_ENABLE_OBJC_WEAK = YES;
				CLANG_WARN_BLOCK_CAPTURE_AUTORELEASING = YES;
				CLANG_WARN_BOOL_CONVERSION = YES;
				CLANG_WARN_COMMA = YES;
				CLANG_WARN_CONSTANT_CONVERSION = YES;
				CLANG_WARN_DEPRECATED_OBJC_IMPLEMENTATIONS = YES;
				CLANG_WARN_DIRECT_OBJC_ISA_USAGE = YES_ERROR;
				CLANG_WARN_DOCUMENTATION_COMMENTS = YES;
				CLANG_WARN_EMPTY_BODY = YES;
				CLANG_WARN_ENUM_CONVERSION = YES;
				CLANG_WARN_INFINITE_RECURSION = YES;
				CLANG_WARN_INT_CONVERSION = YES;
				CLANG_WARN_NON_LITERAL_NULL_CONVERSION = YES;
				CLANG_WARN_OBJC_IMPLICIT_RETAIN_SELF = YES;
				CLANG_WARN_OBJC_LITERAL_CONVERSION = YES;
				CLANG_WARN_OBJC_ROOT_CLASS = YES_ERROR;
				CLANG_WARN_QUOTED_INCLUDE_IN_FRAMEWORK_HEADER = YES;
				CLANG_WARN_RANGE_LOOP_ANALYSIS = YES;
				CLANG_WARN_STRICT_PROTOTYPES = YES;
				CLANG_WARN_SUSPICIOUS_MOVE = YES;
				CLANG_WARN_UNGUARDED_AVAILABILITY = YES_AGGRESSIVE;
				CLANG_WARN_UNREACHABLE_CODE = YES;
				CLANG_WARN__DUPLICATE_METHOD_MATCH = YES;
				COPY_PHASE_STRIP = NO;
				DEBUG_INFORMATION_FORMAT = dwarf;
				ENABLE_STRICT_OBJC_MSGSEND = YES;
				ENABLE_TESTABILITY = YES;
				GCC_C_LANGUAGE_STANDARD = gnu11;
				GCC_DYNAMIC_NO_PIC = NO;
				GCC_NO_COMMON_BLOCKS = YES;
				GCC_OPTIMIZATION_LEVEL = 0;
				GCC_PREPROCESSOR_DEFINITIONS = (
					"DEBUG=1",
					"$(inherited)",
				);
				GCC_WARN_64_TO_32_BIT_CONVERSION = YES;
				GCC_WARN_ABOUT_RETURN_TYPE = YES_ERROR;
				GCC_WARN_UNDECLARED_SELECTOR = YES;
				GCC_WARN_UNINITIALIZED_AUTOS = YES_AGGRESSIVE;
				GCC_WARN_UNUSED_FUNCTION = YES;
				GCC_WARN_UNUSED_VARIABLE = YES;
				IPHONEOS_DEPLOYMENT_TARGET = 15.5;
				MTL_ENABLE_DEBUG_INFO = INCLUDE_SOURCE;
				MTL_FAST_MATH = YES;
				ONLY_ACTIVE_ARCH = YES;
				SDKROOT = iphoneos;
				SWIFT_ACTIVE_COMPILATION_CONDITIONS = DEBUG;
				SWIFT_OPTIMIZATION_LEVEL = "-Onone";
			};
			name = Debug;
		};
		3740A4142AFAED530080B5A6 /* Release */ = {
			isa = XCBuildConfiguration;
			buildSettings = {
				ALWAYS_SEARCH_USER_PATHS = NO;
				CLANG_ANALYZER_NONNULL = YES;
				CLANG_ANALYZER_NUMBER_OBJECT_CONVERSION = YES_AGGRESSIVE;
				CLANG_CXX_LANGUAGE_STANDARD = "gnu++17";
				CLANG_ENABLE_MODULES = YES;
				CLANG_ENABLE_OBJC_ARC = YES;
				CLANG_ENABLE_OBJC_WEAK = YES;
				CLANG_WARN_BLOCK_CAPTURE_AUTORELEASING = YES;
				CLANG_WARN_BOOL_CONVERSION = YES;
				CLANG_WARN_COMMA = YES;
				CLANG_WARN_CONSTANT_CONVERSION = YES;
				CLANG_WARN_DEPRECATED_OBJC_IMPLEMENTATIONS = YES;
				CLANG_WARN_DIRECT_OBJC_ISA_USAGE = YES_ERROR;
				CLANG_WARN_DOCUMENTATION_COMMENTS = YES;
				CLANG_WARN_EMPTY_BODY = YES;
				CLANG_WARN_ENUM_CONVERSION = YES;
				CLANG_WARN_INFINITE_RECURSION = YES;
				CLANG_WARN_INT_CONVERSION = YES;
				CLANG_WARN_NON_LITERAL_NULL_CONVERSION = YES;
				CLANG_WARN_OBJC_IMPLICIT_RETAIN_SELF = YES;
				CLANG_WARN_OBJC_LITERAL_CONVERSION = YES;
				CLANG_WARN_OBJC_ROOT_CLASS = YES_ERROR;
				CLANG_WARN_QUOTED_INCLUDE_IN_FRAMEWORK_HEADER = YES;
				CLANG_WARN_RANGE_LOOP_ANALYSIS = YES;
				CLANG_WARN_STRICT_PROTOTYPES = YES;
				CLANG_WARN_SUSPICIOUS_MOVE = YES;
				CLANG_WARN_UNGUARDED_AVAILABILITY = YES_AGGRESSIVE;
				CLANG_WARN_UNREACHABLE_CODE = YES;
				CLANG_WARN__DUPLICATE_METHOD_MATCH = YES;
				COPY_PHASE_STRIP = NO;
				DEBUG_INFORMATION_FORMAT = "dwarf-with-dsym";
				ENABLE_NS_ASSERTIONS = NO;
				ENABLE_STRICT_OBJC_MSGSEND = YES;
				GCC_C_LANGUAGE_STANDARD = gnu11;
				GCC_NO_COMMON_BLOCKS = YES;
				GCC_WARN_64_TO_32_BIT_CONVERSION = YES;
				GCC_WARN_ABOUT_RETURN_TYPE = YES_ERROR;
				GCC_WARN_UNDECLARED_SELECTOR = YES;
				GCC_WARN_UNINITIALIZED_AUTOS = YES_AGGRESSIVE;
				GCC_WARN_UNUSED_FUNCTION = YES;
				GCC_WARN_UNUSED_VARIABLE = YES;
				IPHONEOS_DEPLOYMENT_TARGET = 15.5;
				MTL_ENABLE_DEBUG_INFO = NO;
				MTL_FAST_MATH = YES;
				SDKROOT = iphoneos;
				SWIFT_COMPILATION_MODE = wholemodule;
				SWIFT_OPTIMIZATION_LEVEL = "-O";
				VALIDATE_PRODUCT = YES;
			};
			name = Release;
		};
		3740A4162AFAED530080B5A6 /* Debug */ = {
			isa = XCBuildConfiguration;
			buildSettings = {
				ASSETCATALOG_COMPILER_APPICON_NAME = AppIcon;
				ASSETCATALOG_COMPILER_GLOBAL_ACCENT_COLOR_NAME = AccentColor;
				CODE_SIGN_STYLE = Automatic;
				CURRENT_PROJECT_VERSION = 1;
				GENERATE_INFOPLIST_FILE = YES;
				INFOPLIST_FILE = RodriguezSnapchat/Info.plist;
				INFOPLIST_KEY_UIApplicationSupportsIndirectInputEvents = YES;
				INFOPLIST_KEY_UILaunchStoryboardName = LaunchScreen;
				INFOPLIST_KEY_UIMainStoryboardFile = Main;
				INFOPLIST_KEY_UISupportedInterfaceOrientations_iPad = "UIInterfaceOrientationPortrait UIInterfaceOrientationPortraitUpsideDown UIInterfaceOrientationLandscapeLeft UIInterfaceOrientationLandscapeRight";
				INFOPLIST_KEY_UISupportedInterfaceOrientations_iPhone = "UIInterfaceOrientationPortrait UIInterfaceOrientationLandscapeLeft UIInterfaceOrientationLandscapeRight";
				LD_RUNPATH_SEARCH_PATHS = (
					"$(inherited)",
					"@executable_path/Frameworks",
				);
				MARKETING_VERSION = 1.0;
				PRODUCT_BUNDLE_IDENTIFIER = deah.RodriguezSnapchat;
				PRODUCT_NAME = "$(TARGET_NAME)";
				SWIFT_EMIT_LOC_STRINGS = YES;
				SWIFT_VERSION = 5.0;
				TARGETED_DEVICE_FAMILY = "1,2";
			};
			name = Debug;
		};
		3740A4172AFAED530080B5A6 /* Release */ = {
			isa = XCBuildConfiguration;
			buildSettings = {
				ASSETCATALOG_COMPILER_APPICON_NAME = AppIcon;
				ASSETCATALOG_COMPILER_GLOBAL_ACCENT_COLOR_NAME = AccentColor;
				CODE_SIGN_STYLE = Automatic;
				CURRENT_PROJECT_VERSION = 1;
				GENERATE_INFOPLIST_FILE = YES;
				INFOPLIST_FILE = RodriguezSnapchat/Info.plist;
				INFOPLIST_KEY_UIApplicationSupportsIndirectInputEvents = YES;
				INFOPLIST_KEY_UILaunchStoryboardName = LaunchScreen;
				INFOPLIST_KEY_UIMainStoryboardFile = Main;
				INFOPLIST_KEY_UISupportedInterfaceOrientations_iPad = "UIInterfaceOrientationPortrait UIInterfaceOrientationPortraitUpsideDown UIInterfaceOrientationLandscapeLeft UIInterfaceOrientationLandscapeRight";
				INFOPLIST_KEY_UISupportedInterfaceOrientations_iPhone = "UIInterfaceOrientationPortrait UIInterfaceOrientationLandscapeLeft UIInterfaceOrientationLandscapeRight";
				LD_RUNPATH_SEARCH_PATHS = (
					"$(inherited)",
					"@executable_path/Frameworks",
				);
				MARKETING_VERSION = 1.0;
				PRODUCT_BUNDLE_IDENTIFIER = deah.RodriguezSnapchat;
				PRODUCT_NAME = "$(TARGET_NAME)";
				SWIFT_EMIT_LOC_STRINGS = YES;
				SWIFT_VERSION = 5.0;
				TARGETED_DEVICE_FAMILY = "1,2";
			};
			name = Release;
		};
/* End XCBuildConfiguration section */

/* Begin XCConfigurationList section */
		3740A3FC2AFAED520080B5A6 /* Build configuration list for PBXProject "RodriguezSnapchat" */ = {
			isa = XCConfigurationList;
			buildConfigurations = (
				3740A4132AFAED530080B5A6 /* Debug */,
				3740A4142AFAED530080B5A6 /* Release */,
			);
			defaultConfigurationIsVisible = 0;
			defaultConfigurationName = Release;
		};
		3740A4152AFAED530080B5A6 /* Build configuration list for PBXNativeTarget "RodriguezSnapchat" */ = {
			isa = XCConfigurationList;
			buildConfigurations = (
				3740A4162AFAED530080B5A6 /* Debug */,
				3740A4172AFAED530080B5A6 /* Release */,
			);
			defaultConfigurationIsVisible = 0;
			defaultConfigurationName = Release;
		};
/* End XCConfigurationList section */

/* Begin XCRemoteSwiftPackageReference section */
		3740A41A2AFAF4BB0080B5A6 /* XCRemoteSwiftPackageReference "firebase-ios-sdk" */ = {
			isa = XCRemoteSwiftPackageReference;
			repositoryURL = "https://github.com/firebase/firebase-ios-sdk";
			requirement = {
				kind = upToNextMajorVersion;
				minimumVersion = 9.0.0;
			};
		};
		3740A4232AFB00A70080B5A6 /* XCRemoteSwiftPackageReference "GoogleSignIn-iOS" */ = {
			isa = XCRemoteSwiftPackageReference;
			repositoryURL = "https://github.com/google/GoogleSignIn-iOS";
			requirement = {
				kind = upToNextMajorVersion;
				minimumVersion = 7.0.0;
			};
		};
/* End XCRemoteSwiftPackageReference section */

/* Begin XCSwiftPackageProductDependency section */
		3740A41B2AFAF4BB0080B5A6 /* FirebaseAnalytics */ = {
			isa = XCSwiftPackageProductDependency;
			package = 3740A41A2AFAF4BB0080B5A6 /* XCRemoteSwiftPackageReference "firebase-ios-sdk" */;
			productName = FirebaseAnalytics;
		};
		3740A41D2AFAF4BB0080B5A6 /* FirebaseAnalyticsWithoutAdIdSupport */ = {
			isa = XCSwiftPackageProductDependency;
			package = 3740A41A2AFAF4BB0080B5A6 /* XCRemoteSwiftPackageReference "firebase-ios-sdk" */;
			productName = FirebaseAnalyticsWithoutAdIdSupport;
		};
		3740A41F2AFAF4BB0080B5A6 /* FirebaseAuth */ = {
			isa = XCSwiftPackageProductDependency;
			package = 3740A41A2AFAF4BB0080B5A6 /* XCRemoteSwiftPackageReference "firebase-ios-sdk" */;
			productName = FirebaseAuth;
		};
		3740A4242AFB00A70080B5A6 /* GoogleSignIn */ = {
			isa = XCSwiftPackageProductDependency;
			package = 3740A4232AFB00A70080B5A6 /* XCRemoteSwiftPackageReference "GoogleSignIn-iOS" */;
			productName = GoogleSignIn;
		};
		3740A4262AFB00A70080B5A6 /* GoogleSignInSwift */ = {
			isa = XCSwiftPackageProductDependency;
			package = 3740A4232AFB00A70080B5A6 /* XCRemoteSwiftPackageReference "GoogleSignIn-iOS" */;
			productName = GoogleSignInSwift;
		};
		37A4CD812B044041000747FB /* FirebaseDatabase */ = {
			isa = XCSwiftPackageProductDependency;
			package = 3740A41A2AFAF4BB0080B5A6 /* XCRemoteSwiftPackageReference "firebase-ios-sdk" */;
			productName = FirebaseDatabase;
		};
		37A4CD832B044049000747FB /* FirebaseStorage */ = {
			isa = XCSwiftPackageProductDependency;
			package = 3740A41A2AFAF4BB0080B5A6 /* XCRemoteSwiftPackageReference "firebase-ios-sdk" */;
			productName = FirebaseStorage;
		};
/* End XCSwiftPackageProductDependency section */
	};
	rootObject = 3740A3F92AFAED520080B5A6 /* Project object */;
}
